# This file is automatically @generated by Cargo.
# It is not intended for manual editing.
version = 4

[[package]]
name = "include_bytes_aligned"
version = "0.2.0"
source = "registry+https://github.com/rust-lang/crates.io-index"
checksum = "fb3f0fd7913f9257b6862075640a029db0fff0887a3f49e00059f52b7111cf11"

[[package]]
name = "m5kos"
version = "0.1.0"
dependencies = [
 "include_bytes_aligned",
]
